// !$*UTF8*$!
{
	archiveVersion = 1;
	classes = {
	};
	objectVersion = 52;
	objects = {

/* Begin PBXBuildFile section */
		328E1D7E7F5E92907FCF84A9 /* Pods_flixter.framework in Frameworks */ = {isa = PBXBuildFile; fileRef = B7404FB46AE0CC3B3815ADE0 /* Pods_flixter.framework */; };
		62651AAB26F47D0000125DF8 /* AppDelegate.swift in Sources */ = {isa = PBXBuildFile; fileRef = 62651AAA26F47D0000125DF8 /* AppDelegate.swift */; };
		62651AAD26F47D0000125DF8 /* SceneDelegate.swift in Sources */ = {isa = PBXBuildFile; fileRef = 62651AAC26F47D0000125DF8 /* SceneDelegate.swift */; };
		62651AB226F47D0000125DF8 /* Main.storyboard in Resources */ = {isa = PBXBuildFile; fileRef = 62651AB026F47D0000125DF8 /* Main.storyboard */; };
		62651AB426F47D0500125DF8 /* Assets.xcassets in Resources */ = {isa = PBXBuildFile; fileRef = 62651AB326F47D0500125DF8 /* Assets.xcassets */; };
		62651AB726F47D0500125DF8 /* LaunchScreen.storyboard in Resources */ = {isa = PBXBuildFile; fileRef = 62651AB526F47D0500125DF8 /* LaunchScreen.storyboard */; };
		62651AC226F47D0500125DF8 /* flixterTests.swift in Sources */ = {isa = PBXBuildFile; fileRef = 62651AC126F47D0500125DF8 /* flixterTests.swift */; };
		62651ACD26F47D0500125DF8 /* flixterUITests.swift in Sources */ = {isa = PBXBuildFile; fileRef = 62651ACC26F47D0500125DF8 /* flixterUITests.swift */; };
		62651ADB26F480D200125DF8 /* MoviesViewController.swift in Sources */ = {isa = PBXBuildFile; fileRef = 62651ADA26F480D200125DF8 /* MoviesViewController.swift */; };
		62651ADD26F489F700125DF8 /* MovieCell.swift in Sources */ = {isa = PBXBuildFile; fileRef = 62651ADC26F489F700125DF8 /* MovieCell.swift */; };
		62651AE026F48E2100125DF8 /* AlamofireImage in Frameworks */ = {isa = PBXBuildFile; productRef = 62651ADF26F48E2100125DF8 /* AlamofireImage */; };
		C76EC1EF8FD1564C0696B529 /* Pods_flixterTests.framework in Frameworks */ = {isa = PBXBuildFile; fileRef = 83B857C14561EBD828768976 /* Pods_flixterTests.framework */; };
		F556F9E87E3D5D76B333BEA8 /* Pods_flixter_flixterUITests.framework in Frameworks */ = {isa = PBXBuildFile; fileRef = 49261470D74BD519AC6DB827 /* Pods_flixter_flixterUITests.framework */; };
/* End PBXBuildFile section */

/* Begin PBXContainerItemProxy section */
		62651ABE26F47D0500125DF8 /* PBXContainerItemProxy */ = {
			isa = PBXContainerItemProxy;
			containerPortal = 62651A9F26F47D0000125DF8 /* Project object */;
			proxyType = 1;
			remoteGlobalIDString = 62651AA626F47D0000125DF8;
			remoteInfo = flixter;
		};
		62651AC926F47D0500125DF8 /* PBXContainerItemProxy */ = {
			isa = PBXContainerItemProxy;
			containerPortal = 62651A9F26F47D0000125DF8 /* Project object */;
			proxyType = 1;
			remoteGlobalIDString = 62651AA626F47D0000125DF8;
			remoteInfo = flixter;
		};
/* End PBXContainerItemProxy section */

/* Begin PBXFileReference section */
		222D46D5EE052D99D6C4B133 /* Pods-flixter-flixterUITests.release.xcconfig */ = {isa = PBXFileReference; includeInIndex = 1; lastKnownFileType = text.xcconfig; name = "Pods-flixter-flixterUITests.release.xcconfig"; path = "Target Support Files/Pods-flixter-flixterUITests/Pods-flixter-flixterUITests.release.xcconfig"; sourceTree = "<group>"; };
		438D7358D03B86AD9A6215A4 /* Pods-flixterTests.debug.xcconfig */ = {isa = PBXFileReference; includeInIndex = 1; lastKnownFileType = text.xcconfig; name = "Pods-flixterTests.debug.xcconfig"; path = "Target Support Files/Pods-flixterTests/Pods-flixterTests.debug.xcconfig"; sourceTree = "<group>"; };
		49261470D74BD519AC6DB827 /* Pods_flixter_flixterUITests.framework */ = {isa = PBXFileReference; explicitFileType = wrapper.framework; includeInIndex = 0; path = Pods_flixter_flixterUITests.framework; sourceTree = BUILT_PRODUCTS_DIR; };
		53E2BC24F08B2D9E660F88B0 /* Pods-flixter.release.xcconfig */ = {isa = PBXFileReference; includeInIndex = 1; lastKnownFileType = text.xcconfig; name = "Pods-flixter.release.xcconfig"; path = "Target Support Files/Pods-flixter/Pods-flixter.release.xcconfig"; sourceTree = "<group>"; };
		62651AA726F47D0000125DF8 /* flixter.app */ = {isa = PBXFileReference; explicitFileType = wrapper.application; includeInIndex = 0; path = flixter.app; sourceTree = BUILT_PRODUCTS_DIR; };
		62651AAA26F47D0000125DF8 /* AppDelegate.swift */ = {isa = PBXFileReference; lastKnownFileType = sourcecode.swift; path = AppDelegate.swift; sourceTree = "<group>"; };
		62651AAC26F47D0000125DF8 /* SceneDelegate.swift */ = {isa = PBXFileReference; lastKnownFileType = sourcecode.swift; path = SceneDelegate.swift; sourceTree = "<group>"; };
		62651AB126F47D0000125DF8 /* Base */ = {isa = PBXFileReference; lastKnownFileType = file.storyboard; name = Base; path = Base.lproj/Main.storyboard; sourceTree = "<group>"; };
		62651AB326F47D0500125DF8 /* Assets.xcassets */ = {isa = PBXFileReference; lastKnownFileType = folder.assetcatalog; path = Assets.xcassets; sourceTree = "<group>"; };
		62651AB626F47D0500125DF8 /* Base */ = {isa = PBXFileReference; lastKnownFileType = file.storyboard; name = Base; path = Base.lproj/LaunchScreen.storyboard; sourceTree = "<group>"; };
		62651AB826F47D0500125DF8 /* Info.plist */ = {isa = PBXFileReference; lastKnownFileType = text.plist.xml; path = Info.plist; sourceTree = "<group>"; };
		62651ABD26F47D0500125DF8 /* flixterTests.xctest */ = {isa = PBXFileReference; explicitFileType = wrapper.cfbundle; includeInIndex = 0; path = flixterTests.xctest; sourceTree = BUILT_PRODUCTS_DIR; };
		62651AC126F47D0500125DF8 /* flixterTests.swift */ = {isa = PBXFileReference; lastKnownFileType = sourcecode.swift; path = flixterTests.swift; sourceTree = "<group>"; };
		62651AC326F47D0500125DF8 /* Info.plist */ = {isa = PBXFileReference; lastKnownFileType = text.plist.xml; path = Info.plist; sourceTree = "<group>"; };
		62651AC826F47D0500125DF8 /* flixterUITests.xctest */ = {isa = PBXFileReference; explicitFileType = wrapper.cfbundle; includeInIndex = 0; path = flixterUITests.xctest; sourceTree = BUILT_PRODUCTS_DIR; };
		62651ACC26F47D0500125DF8 /* flixterUITests.swift */ = {isa = PBXFileReference; lastKnownFileType = sourcecode.swift; path = flixterUITests.swift; sourceTree = "<group>"; };
		62651ACE26F47D0500125DF8 /* Info.plist */ = {isa = PBXFileReference; lastKnownFileType = text.plist.xml; path = Info.plist; sourceTree = "<group>"; };
		62651ADA26F480D200125DF8 /* MoviesViewController.swift */ = {isa = PBXFileReference; lastKnownFileType = sourcecode.swift; path = MoviesViewController.swift; sourceTree = "<group>"; };
		62651ADC26F489F700125DF8 /* MovieCell.swift */ = {isa = PBXFileReference; lastKnownFileType = sourcecode.swift; path = MovieCell.swift; sourceTree = "<group>"; };
		83B857C14561EBD828768976 /* Pods_flixterTests.framework */ = {isa = PBXFileReference; explicitFileType = wrapper.framework; includeInIndex = 0; path = Pods_flixterTests.framework; sourceTree = BUILT_PRODUCTS_DIR; };
		85969C91151624F7764C7B35 /* Pods-flixter-flixterUITests.debug.xcconfig */ = {isa = PBXFileReference; includeInIndex = 1; lastKnownFileType = text.xcconfig; name = "Pods-flixter-flixterUITests.debug.xcconfig"; path = "Target Support Files/Pods-flixter-flixterUITests/Pods-flixter-flixterUITests.debug.xcconfig"; sourceTree = "<group>"; };
		8BF102374C9DAF74D656608F /* Pods-flixter.debug.xcconfig */ = {isa = PBXFileReference; includeInIndex = 1; lastKnownFileType = text.xcconfig; name = "Pods-flixter.debug.xcconfig"; path = "Target Support Files/Pods-flixter/Pods-flixter.debug.xcconfig"; sourceTree = "<group>"; };
		96485C4E0C5D544ACEC1F860 /* Pods-flixterTests.release.xcconfig */ = {isa = PBXFileReference; includeInIndex = 1; lastKnownFileType = text.xcconfig; name = "Pods-flixterTests.release.xcconfig"; path = "Target Support Files/Pods-flixterTests/Pods-flixterTests.release.xcconfig"; sourceTree = "<group>"; };
		B7404FB46AE0CC3B3815ADE0 /* Pods_flixter.framework */ = {isa = PBXFileReference; explicitFileType = wrapper.framework; includeInIndex = 0; path = Pods_flixter.framework; sourceTree = BUILT_PRODUCTS_DIR; };
/* End PBXFileReference section */

/* Begin PBXFrameworksBuildPhase section */
		62651AA426F47D0000125DF8 /* Frameworks */ = {
			isa = PBXFrameworksBuildPhase;
			buildActionMask = 2147483647;
			files = (
				62651AE026F48E2100125DF8 /* AlamofireImage in Frameworks */,
				328E1D7E7F5E92907FCF84A9 /* Pods_flixter.framework in Frameworks */,
			);
			runOnlyForDeploymentPostprocessing = 0;
		};
		62651ABA26F47D0500125DF8 /* Frameworks */ = {
			isa = PBXFrameworksBuildPhase;
			buildActionMask = 2147483647;
			files = (
				C76EC1EF8FD1564C0696B529 /* Pods_flixterTests.framework in Frameworks */,
			);
			runOnlyForDeploymentPostprocessing = 0;
		};
		62651AC526F47D0500125DF8 /* Frameworks */ = {
			isa = PBXFrameworksBuildPhase;
			buildActionMask = 2147483647;
			files = (
				F556F9E87E3D5D76B333BEA8 /* Pods_flixter_flixterUITests.framework in Frameworks */,
			);
			runOnlyForDeploymentPostprocessing = 0;
		};
/* End PBXFrameworksBuildPhase section */

/* Begin PBXGroup section */
		360904BFFB0CF156B5B4093E /* Frameworks */ = {
			isa = PBXGroup;
			children = (
				B7404FB46AE0CC3B3815ADE0 /* Pods_flixter.framework */,
				49261470D74BD519AC6DB827 /* Pods_flixter_flixterUITests.framework */,
				83B857C14561EBD828768976 /* Pods_flixterTests.framework */,
			);
			name = Frameworks;
			sourceTree = "<group>";
		};
		526D093AB162766929E75F60 /* Pods */ = {
			isa = PBXGroup;
			children = (
				8BF102374C9DAF74D656608F /* Pods-flixter.debug.xcconfig */,
				53E2BC24F08B2D9E660F88B0 /* Pods-flixter.release.xcconfig */,
				85969C91151624F7764C7B35 /* Pods-flixter-flixterUITests.debug.xcconfig */,
				222D46D5EE052D99D6C4B133 /* Pods-flixter-flixterUITests.release.xcconfig */,
				438D7358D03B86AD9A6215A4 /* Pods-flixterTests.debug.xcconfig */,
				96485C4E0C5D544ACEC1F860 /* Pods-flixterTests.release.xcconfig */,
			);
			name = Pods;
			path = Pods;
			sourceTree = "<group>";
		};
		62651A9E26F47D0000125DF8 = {
			isa = PBXGroup;
			children = (
				62651AA926F47D0000125DF8 /* flixter */,
				62651AC026F47D0500125DF8 /* flixterTests */,
				62651ACB26F47D0500125DF8 /* flixterUITests */,
				62651AA826F47D0000125DF8 /* Products */,
				526D093AB162766929E75F60 /* Pods */,
				360904BFFB0CF156B5B4093E /* Frameworks */,
			);
			sourceTree = "<group>";
		};
		62651AA826F47D0000125DF8 /* Products */ = {
			isa = PBXGroup;
			children = (
				62651AA726F47D0000125DF8 /* flixter.app */,
				62651ABD26F47D0500125DF8 /* flixterTests.xctest */,
				62651AC826F47D0500125DF8 /* flixterUITests.xctest */,
			);
			name = Products;
			sourceTree = "<group>";
		};
		62651AA926F47D0000125DF8 /* flixter */ = {
			isa = PBXGroup;
			children = (
				62651AAA26F47D0000125DF8 /* AppDelegate.swift */,
				62651AAC26F47D0000125DF8 /* SceneDelegate.swift */,
				62651ADA26F480D200125DF8 /* MoviesViewController.swift */,
				62651AB026F47D0000125DF8 /* Main.storyboard */,
				62651ADC26F489F700125DF8 /* MovieCell.swift */,
				62651AB326F47D0500125DF8 /* Assets.xcassets */,
				62651AB526F47D0500125DF8 /* LaunchScreen.storyboard */,
				62651AB826F47D0500125DF8 /* Info.plist */,
			);
			path = flixter;
			sourceTree = "<group>";
		};
		62651AC026F47D0500125DF8 /* flixterTests */ = {
			isa = PBXGroup;
			children = (
				62651AC126F47D0500125DF8 /* flixterTests.swift */,
				62651AC326F47D0500125DF8 /* Info.plist */,
			);
			path = flixterTests;
			sourceTree = "<group>";
		};
		62651ACB26F47D0500125DF8 /* flixterUITests */ = {
			isa = PBXGroup;
			children = (
				62651ACC26F47D0500125DF8 /* flixterUITests.swift */,
				62651ACE26F47D0500125DF8 /* Info.plist */,
			);
			path = flixterUITests;
			sourceTree = "<group>";
		};
/* End PBXGroup section */

/* Begin PBXNativeTarget section */
		62651AA626F47D0000125DF8 /* flixter */ = {
			isa = PBXNativeTarget;
			buildConfigurationList = 62651AD126F47D0500125DF8 /* Build configuration list for PBXNativeTarget "flixter" */;
			buildPhases = (
				60BDB4E9F5AF637216D03CBF /* [CP] Check Pods Manifest.lock */,
				62651AA326F47D0000125DF8 /* Sources */,
				62651AA426F47D0000125DF8 /* Frameworks */,
				62651AA526F47D0000125DF8 /* Resources */,
				5660EC63937F824F4ECD1967 /* [CP] Embed Pods Frameworks */,
			);
			buildRules = (
			);
			dependencies = (
			);
			name = flixter;
			packageProductDependencies = (
				62651ADF26F48E2100125DF8 /* AlamofireImage */,
			);
			productName = flixter;
			productReference = 62651AA726F47D0000125DF8 /* flixter.app */;
			productType = "com.apple.product-type.application";
		};
		62651ABC26F47D0500125DF8 /* flixterTests */ = {
			isa = PBXNativeTarget;
			buildConfigurationList = 62651AD426F47D0500125DF8 /* Build configuration list for PBXNativeTarget "flixterTests" */;
			buildPhases = (
				087B19B5E8F73EEC5ACB4051 /* [CP] Check Pods Manifest.lock */,
				62651AB926F47D0500125DF8 /* Sources */,
				62651ABA26F47D0500125DF8 /* Frameworks */,
				62651ABB26F47D0500125DF8 /* Resources */,
			);
			buildRules = (
			);
			dependencies = (
				62651ABF26F47D0500125DF8 /* PBXTargetDependency */,
			);
			name = flixterTests;
			productName = flixterTests;
			productReference = 62651ABD26F47D0500125DF8 /* flixterTests.xctest */;
			productType = "com.apple.product-type.bundle.unit-test";
		};
		62651AC726F47D0500125DF8 /* flixterUITests */ = {
			isa = PBXNativeTarget;
			buildConfigurationList = 62651AD726F47D0500125DF8 /* Build configuration list for PBXNativeTarget "flixterUITests" */;
			buildPhases = (
				0466800889977A5FD749DB22 /* [CP] Check Pods Manifest.lock */,
				62651AC426F47D0500125DF8 /* Sources */,
				62651AC526F47D0500125DF8 /* Frameworks */,
				62651AC626F47D0500125DF8 /* Resources */,
				634D687BF28EF19BC8AA990E /* [CP] Embed Pods Frameworks */,
			);
			buildRules = (
			);
			dependencies = (
				62651ACA26F47D0500125DF8 /* PBXTargetDependency */,
			);
			name = flixterUITests;
			productName = flixterUITests;
			productReference = 62651AC826F47D0500125DF8 /* flixterUITests.xctest */;
			productType = "com.apple.product-type.bundle.ui-testing";
		};
/* End PBXNativeTarget section */

/* Begin PBXProject section */
		62651A9F26F47D0000125DF8 /* Project object */ = {
			isa = PBXProject;
			attributes = {
				LastSwiftUpdateCheck = 1250;
				LastUpgradeCheck = 1250;
				TargetAttributes = {
					62651AA626F47D0000125DF8 = {
						CreatedOnToolsVersion = 12.5.1;
					};
					62651ABC26F47D0500125DF8 = {
						CreatedOnToolsVersion = 12.5.1;
						TestTargetID = 62651AA626F47D0000125DF8;
					};
					62651AC726F47D0500125DF8 = {
						CreatedOnToolsVersion = 12.5.1;
						TestTargetID = 62651AA626F47D0000125DF8;
					};
				};
			};
			buildConfigurationList = 62651AA226F47D0000125DF8 /* Build configuration list for PBXProject "flixter" */;
			compatibilityVersion = "Xcode 9.3";
			developmentRegion = en;
			hasScannedForEncodings = 0;
			knownRegions = (
				en,
				Base,
			);
			mainGroup = 62651A9E26F47D0000125DF8;
			packageReferences = (
				62651ADE26F48E2100125DF8 /* XCRemoteSwiftPackageReference "AlamofireImage" */,
			);
			productRefGroup = 62651AA826F47D0000125DF8 /* Products */;
			projectDirPath = "";
			projectRoot = "";
			targets = (
				62651AA626F47D0000125DF8 /* flixter */,
				62651ABC26F47D0500125DF8 /* flixterTests */,
				62651AC726F47D0500125DF8 /* flixterUITests */,
			);
		};
/* End PBXProject section */

/* Begin PBXResourcesBuildPhase section */
		62651AA526F47D0000125DF8 /* Resources */ = {
			isa = PBXResourcesBuildPhase;
			buildActionMask = 2147483647;
			files = (
				62651AB726F47D0500125DF8 /* LaunchScreen.storyboard in Resources */,
				62651AB426F47D0500125DF8 /* Assets.xcassets in Resources */,
				62651AB226F47D0000125DF8 /* Main.storyboard in Resources */,
			);
			runOnlyForDeploymentPostprocessing = 0;
		};
		62651ABB26F47D0500125DF8 /* Resources */ = {
			isa = PBXResourcesBuildPhase;
			buildActionMask = 2147483647;
			files = (
			);
			runOnlyForDeploymentPostprocessing = 0;
		};
		62651AC626F47D0500125DF8 /* Resources */ = {
			isa = PBXResourcesBuildPhase;
			buildActionMask = 2147483647;
			files = (
			);
			runOnlyForDeploymentPostprocessing = 0;
		};
/* End PBXResourcesBuildPhase section */

/* Begin PBXShellScriptBuildPhase section */
		0466800889977A5FD749DB22 /* [CP] Check Pods Manifest.lock */ = {
			isa = PBXShellScriptBuildPhase;
			buildActionMask = 2147483647;
			files = (
			);
			inputFileListPaths = (
			);
			inputPaths = (
				"${PODS_PODFILE_DIR_PATH}/Podfile.lock",
				"${PODS_ROOT}/Manifest.lock",
			);
			name = "[CP] Check Pods Manifest.lock";
			outputFileListPaths = (
			);
			outputPaths = (
				"$(DERIVED_FILE_DIR)/Pods-flixter-flixterUITests-checkManifestLockResult.txt",
			);
			runOnlyForDeploymentPostprocessing = 0;
			shellPath = /bin/sh;
			shellScript = "diff \"${PODS_PODFILE_DIR_PATH}/Podfile.lock\" \"${PODS_ROOT}/Manifest.lock\" > /dev/null\nif [ $? != 0 ] ; then\n    # print error to STDERR\n    echo \"error: The sandbox is not in sync with the Podfile.lock. Run 'pod install' or update your CocoaPods installation.\" >&2\n    exit 1\nfi\n# This output is used by Xcode 'outputs' to avoid re-running this script phase.\necho \"SUCCESS\" > \"${SCRIPT_OUTPUT_FILE_0}\"\n";
			showEnvVarsInLog = 0;
		};
		087B19B5E8F73EEC5ACB4051 /* [CP] Check Pods Manifest.lock */ = {
			isa = PBXShellScriptBuildPhase;
			buildActionMask = 2147483647;
			files = (
			);
			inputFileListPaths = (
			);
			inputPaths = (
				"${PODS_PODFILE_DIR_PATH}/Podfile.lock",
				"${PODS_ROOT}/Manifest.lock",
			);
			name = "[CP] Check Pods Manifest.lock";
			outputFileListPaths = (
			);
			outputPaths = (
				"$(DERIVED_FILE_DIR)/Pods-flixterTests-checkManifestLockResult.txt",
			);
			runOnlyForDeploymentPostprocessing = 0;
			shellPath = /bin/sh;
			shellScript = "diff \"${PODS_PODFILE_DIR_PATH}/Podfile.lock\" \"${PODS_ROOT}/Manifest.lock\" > /dev/null\nif [ $? != 0 ] ; then\n    # print error to STDERR\n    echo \"error: The sandbox is not in sync with the Podfile.lock. Run 'pod install' or update your CocoaPods installation.\" >&2\n    exit 1\nfi\n# This output is used by Xcode 'outputs' to avoid re-running this script phase.\necho \"SUCCESS\" > \"${SCRIPT_OUTPUT_FILE_0}\"\n";
			showEnvVarsInLog = 0;
		};
		5660EC63937F824F4ECD1967 /* [CP] Embed Pods Frameworks */ = {
			isa = PBXShellScriptBuildPhase;
			buildActionMask = 2147483647;
			files = (
			);
			inputFileListPaths = (
				"${PODS_ROOT}/Target Support Files/Pods-flixter/Pods-flixter-frameworks-${CONFIGURATION}-input-files.xcfilelist",
			);
			name = "[CP] Embed Pods Frameworks";
			outputFileListPaths = (
				"${PODS_ROOT}/Target Support Files/Pods-flixter/Pods-flixter-frameworks-${CONFIGURATION}-output-files.xcfilelist",
			);
			runOnlyForDeploymentPostprocessing = 0;
			shellPath = /bin/sh;
			shellScript = "\"${PODS_ROOT}/Target Support Files/Pods-flixter/Pods-flixter-frameworks.sh\"\n";
			showEnvVarsInLog = 0;
		};
		60BDB4E9F5AF637216D03CBF /* [CP] Check Pods Manifest.lock */ = {
			isa = PBXShellScriptBuildPhase;
			buildActionMask = 2147483647;
			files = (
			);
			inputFileListPaths = (
			);
			inputPaths = (
				"${PODS_PODFILE_DIR_PATH}/Podfile.lock",
				"${PODS_ROOT}/Manifest.lock",
			);
			name = "[CP] Check Pods Manifest.lock";
			outputFileListPaths = (
			);
			outputPaths = (
				"$(DERIVED_FILE_DIR)/Pods-flixter-checkManifestLockResult.txt",
			);
			runOnlyForDeploymentPostprocessing = 0;
			shellPath = /bin/sh;
			shellScript = "diff \"${PODS_PODFILE_DIR_PATH}/Podfile.lock\" \"${PODS_ROOT}/Manifest.lock\" > /dev/null\nif [ $? != 0 ] ; then\n    # print error to STDERR\n    echo \"error: The sandbox is not in sync with the Podfile.lock. Run 'pod install' or update your CocoaPods installation.\" >&2\n    exit 1\nfi\n# This output is used by Xcode 'outputs' to avoid re-running this script phase.\necho \"SUCCESS\" > \"${SCRIPT_OUTPUT_FILE_0}\"\n";
			showEnvVarsInLog = 0;
		};
		634D687BF28EF19BC8AA990E /* [CP] Embed Pods Frameworks */ = {
			isa = PBXShellScriptBuildPhase;
			buildActionMask = 2147483647;
			files = (
			);
			inputFileListPaths = (
				"${PODS_ROOT}/Target Support Files/Pods-flixter-flixterUITests/Pods-flixter-flixterUITests-frameworks-${CONFIGURATION}-input-files.xcfilelist",
			);
			name = "[CP] Embed Pods Frameworks";
			outputFileListPaths = (
				"${PODS_ROOT}/Target Support Files/Pods-flixter-flixterUITests/Pods-flixter-flixterUITests-frameworks-${CONFIGURATION}-output-files.xcfilelist",
			);
			runOnlyForDeploymentPostprocessing = 0;
			shellPath = /bin/sh;
			shellScript = "\"${PODS_ROOT}/Target Support Files/Pods-flixter-flixterUITests/Pods-flixter-flixterUITests-frameworks.sh\"\n";
			showEnvVarsInLog = 0;
		};
/* End PBXShellScriptBuildPhase section */

/* Begin PBXSourcesBuildPhase section */
		62651AA326F47D0000125DF8 /* Sources */ = {
			isa = PBXSourcesBuildPhase;
			buildActionMask = 2147483647;
			files = (
				62651AAB26F47D0000125DF8 /* AppDelegate.swift in Sources */,
				62651AAD26F47D0000125DF8 /* SceneDelegate.swift in Sources */,
				62651ADD26F489F700125DF8 /* MovieCell.swift in Sources */,
				62651ADB26F480D200125DF8 /* MoviesViewController.swift in Sources */,
			);
			runOnlyForDeploymentPostprocessing = 0;
		};
		62651AB926F47D0500125DF8 /* Sources */ = {
			isa = PBXSourcesBuildPhase;
			buildActionMask = 2147483647;
			files = (
				62651AC226F47D0500125DF8 /* flixterTests.swift in Sources */,
			);
			runOnlyForDeploymentPostprocessing = 0;
		};
		62651AC426F47D0500125DF8 /* Sources */ = {
			isa = PBXSourcesBuildPhase;
			buildActionMask = 2147483647;
			files = (
				62651ACD26F47D0500125DF8 /* flixterUITests.swift in Sources */,
			);
			runOnlyForDeploymentPostprocessing = 0;
		};
/* End PBXSourcesBuildPhase section */

/* Begin PBXTargetDependency section */
		62651ABF26F47D0500125DF8 /* PBXTargetDependency */ = {
			isa = PBXTargetDependency;
			target = 62651AA626F47D0000125DF8 /* flixter */;
			targetProxy = 62651ABE26F47D0500125DF8 /* PBXContainerItemProxy */;
		};
		62651ACA26F47D0500125DF8 /* PBXTargetDependency */ = {
			isa = PBXTargetDependency;
			target = 62651AA626F47D0000125DF8 /* flixter */;
			targetProxy = 62651AC926F47D0500125DF8 /* PBXContainerItemProxy */;
		};
/* End PBXTargetDependency section */

/* Begin PBXVariantGroup section */
		62651AB026F47D0000125DF8 /* Main.storyboard */ = {
			isa = PBXVariantGroup;
			children = (
				62651AB126F47D0000125DF8 /* Base */,
			);
			name = Main.storyboard;
			sourceTree = "<group>";
		};
		62651AB526F47D0500125DF8 /* LaunchScreen.storyboard */ = {
			isa = PBXVariantGroup;
			children = (
				62651AB626F47D0500125DF8 /* Base */,
			);
			name = LaunchScreen.storyboard;
			sourceTree = "<group>";
		};
/* End PBXVariantGroup section */

/* Begin XCBuildConfiguration section */
		62651ACF26F47D0500125DF8 /* Debug */ = {
			isa = XCBuildConfiguration;
			buildSettings = {
				ALWAYS_SEARCH_USER_PATHS = NO;
				CLANG_ANALYZER_NONNULL = YES;
				CLANG_ANALYZER_NUMBER_OBJECT_CONVERSION = YES_AGGRESSIVE;
				CLANG_CXX_LANGUAGE_STANDARD = "gnu++14";
				CLANG_CXX_LIBRARY = "libc++";
				CLANG_ENABLE_MODULES = YES;
				CLANG_ENABLE_OBJC_ARC = YES;
				CLANG_ENABLE_OBJC_WEAK = YES;
				CLANG_WARN_BLOCK_CAPTURE_AUTORELEASING = YES;
				CLANG_WARN_BOOL_CONVERSION = YES;
				CLANG_WARN_COMMA = YES;
				CLANG_WARN_CONSTANT_CONVERSION = YES;
				CLANG_WARN_DEPRECATED_OBJC_IMPLEMENTATIONS = YES;
				CLANG_WARN_DIRECT_OBJC_ISA_USAGE = YES_ERROR;
				CLANG_WARN_DOCUMENTATION_COMMENTS = YES;
				CLANG_WARN_EMPTY_BODY = YES;
				CLANG_WARN_ENUM_CONVERSION = YES;
				CLANG_WARN_INFINITE_RECURSION = YES;
				CLANG_WARN_INT_CONVERSION = YES;
				CLANG_WARN_NON_LITERAL_NULL_CONVERSION = YES;
				CLANG_WARN_OBJC_IMPLICIT_RETAIN_SELF = YES;
				CLANG_WARN_OBJC_LITERAL_CONVERSION = YES;
				CLANG_WARN_OBJC_ROOT_CLASS = YES_ERROR;
				CLANG_WARN_QUOTED_INCLUDE_IN_FRAMEWORK_HEADER = YES;
				CLANG_WARN_RANGE_LOOP_ANALYSIS = YES;
				CLANG_WARN_STRICT_PROTOTYPES = YES;
				CLANG_WARN_SUSPICIOUS_MOVE = YES;
				CLANG_WARN_UNGUARDED_AVAILABILITY = YES_AGGRESSIVE;
				CLANG_WARN_UNREACHABLE_CODE = YES;
				CLANG_WARN__DUPLICATE_METHOD_MATCH = YES;
				COPY_PHASE_STRIP = NO;
				DEBUG_INFORMATION_FORMAT = dwarf;
				ENABLE_STRICT_OBJC_MSGSEND = YES;
				ENABLE_TESTABILITY = YES;
				GCC_C_LANGUAGE_STANDARD = gnu11;
				GCC_DYNAMIC_NO_PIC = NO;
				GCC_NO_COMMON_BLOCKS = YES;
				GCC_OPTIMIZATION_LEVEL = 0;
				GCC_PREPROCESSOR_DEFINITIONS = (
					"DEBUG=1",
					"$(inherited)",
				);
				GCC_WARN_64_TO_32_BIT_CONVERSION = YES;
				GCC_WARN_ABOUT_RETURN_TYPE = YES_ERROR;
				GCC_WARN_UNDECLARED_SELECTOR = YES;
				GCC_WARN_UNINITIALIZED_AUTOS = YES_AGGRESSIVE;
				GCC_WARN_UNUSED_FUNCTION = YES;
				GCC_WARN_UNUSED_VARIABLE = YES;
				IPHONEOS_DEPLOYMENT_TARGET = 14.5;
				MTL_ENABLE_DEBUG_INFO = INCLUDE_SOURCE;
				MTL_FAST_MATH = YES;
				ONLY_ACTIVE_ARCH = YES;
				SDKROOT = iphoneos;
				SWIFT_ACTIVE_COMPILATION_CONDITIONS = DEBUG;
				SWIFT_OPTIMIZATION_LEVEL = "-Onone";
			};
			name = Debug;
		};
		62651AD026F47D0500125DF8 /* Release */ = {
			isa = XCBuildConfiguration;
			buildSettings = {
				ALWAYS_SEARCH_USER_PATHS = NO;
				CLANG_ANALYZER_NONNULL = YES;
				CLANG_ANALYZER_NUMBER_OBJECT_CONVERSION = YES_AGGRESSIVE;
				CLANG_CXX_LANGUAGE_STANDARD = "gnu++14";
				CLANG_CXX_LIBRARY = "libc++";
				CLANG_ENABLE_MODULES = YES;
				CLANG_ENABLE_OBJC_ARC = YES;
				CLANG_ENABLE_OBJC_WEAK = YES;
				CLANG_WARN_BLOCK_CAPTURE_AUTORELEASING = YES;
				CLANG_WARN_BOOL_CONVERSION = YES;
				CLANG_WARN_COMMA = YES;
				CLANG_WARN_CONSTANT_CONVERSION = YES;
				CLANG_WARN_DEPRECATED_OBJC_IMPLEMENTATIONS = YES;
				CLANG_WARN_DIRECT_OBJC_ISA_USAGE = YES_ERROR;
				CLANG_WARN_DOCUMENTATION_COMMENTS = YES;
				CLANG_WARN_EMPTY_BODY = YES;
				CLANG_WARN_ENUM_CONVERSION = YES;
				CLANG_WARN_INFINITE_RECURSION = YES;
				CLANG_WARN_INT_CONVERSION = YES;
				CLANG_WARN_NON_LITERAL_NULL_CONVERSION = YES;
				CLANG_WARN_OBJC_IMPLICIT_RETAIN_SELF = YES;
				CLANG_WARN_OBJC_LITERAL_CONVERSION = YES;
				CLANG_WARN_OBJC_ROOT_CLASS = YES_ERROR;
				CLANG_WARN_QUOTED_INCLUDE_IN_FRAMEWORK_HEADER = YES;
				CLANG_WARN_RANGE_LOOP_ANALYSIS = YES;
				CLANG_WARN_STRICT_PROTOTYPES = YES;
				CLANG_WARN_SUSPICIOUS_MOVE = YES;
				CLANG_WARN_UNGUARDED_AVAILABILITY = YES_AGGRESSIVE;
				CLANG_WARN_UNREACHABLE_CODE = YES;
				CLANG_WARN__DUPLICATE_METHOD_MATCH = YES;
				COPY_PHASE_STRIP = NO;
				DEBUG_INFORMATION_FORMAT = "dwarf-with-dsym";
				ENABLE_NS_ASSERTIONS = NO;
				ENABLE_STRICT_OBJC_MSGSEND = YES;
				GCC_C_LANGUAGE_STANDARD = gnu11;
				GCC_NO_COMMON_BLOCKS = YES;
				GCC_WARN_64_TO_32_BIT_CONVERSION = YES;
				GCC_WARN_ABOUT_RETURN_TYPE = YES_ERROR;
				GCC_WARN_UNDECLARED_SELECTOR = YES;
				GCC_WARN_UNINITIALIZED_AUTOS = YES_AGGRESSIVE;
				GCC_WARN_UNUSED_FUNCTION = YES;
				GCC_WARN_UNUSED_VARIABLE = YES;
				IPHONEOS_DEPLOYMENT_TARGET = 14.5;
				MTL_ENABLE_DEBUG_INFO = NO;
				MTL_FAST_MATH = YES;
				SDKROOT = iphoneos;
				SWIFT_COMPILATION_MODE = wholemodule;
				SWIFT_OPTIMIZATION_LEVEL = "-O";
				VALIDATE_PRODUCT = YES;
			};
			name = Release;
		};
		62651AD226F47D0500125DF8 /* Debug */ = {
			isa = XCBuildConfiguration;
			baseConfigurationReference = 8BF102374C9DAF74D656608F /* Pods-flixter.debug.xcconfig */;
			buildSettings = {
				ASSETCATALOG_COMPILER_APPICON_NAME = AppIcon;
				ASSETCATALOG_COMPILER_GLOBAL_ACCENT_COLOR_NAME = AccentColor;
				CODE_SIGN_STYLE = Automatic;
				INFOPLIST_FILE = flixter/Info.plist;
				LD_RUNPATH_SEARCH_PATHS = (
					"$(inherited)",
					"@executable_path/Frameworks",
				);
				PRODUCT_BUNDLE_IDENTIFIER = codepathTM.flixter;
				PRODUCT_NAME = "$(TARGET_NAME)";
				SWIFT_VERSION = 5.0;
				TARGETED_DEVICE_FAMILY = "1,2";
			};
			name = Debug;
		};
		62651AD326F47D0500125DF8 /* Release */ = {
			isa = XCBuildConfiguration;
			baseConfigurationReference = 53E2BC24F08B2D9E660F88B0 /* Pods-flixter.release.xcconfig */;
			buildSettings = {
				ASSETCATALOG_COMPILER_APPICON_NAME = AppIcon;
				ASSETCATALOG_COMPILER_GLOBAL_ACCENT_COLOR_NAME = AccentColor;
				CODE_SIGN_STYLE = Automatic;
				INFOPLIST_FILE = flixter/Info.plist;
				LD_RUNPATH_SEARCH_PATHS = (
					"$(inherited)",
					"@executable_path/Frameworks",
				);
				PRODUCT_BUNDLE_IDENTIFIER = codepathTM.flixter;
				PRODUCT_NAME = "$(TARGET_NAME)";
				SWIFT_VERSION = 5.0;
				TARGETED_DEVICE_FAMILY = "1,2";
			};
			name = Release;
		};
		62651AD526F47D0500125DF8 /* Debug */ = {
			isa = XCBuildConfiguration;
			baseConfigurationReference = 438D7358D03B86AD9A6215A4 /* Pods-flixterTests.debug.xcconfig */;
			buildSettings = {
				ALWAYS_EMBED_SWIFT_STANDARD_LIBRARIES = YES;
				BUNDLE_LOADER = "$(TEST_HOST)";
				CODE_SIGN_STYLE = Automatic;
				INFOPLIST_FILE = flixterTests/Info.plist;
				IPHONEOS_DEPLOYMENT_TARGET = 14.5;
				LD_RUNPATH_SEARCH_PATHS = (
					"$(inherited)",
					"@executable_path/Frameworks",
					"@loader_path/Frameworks",
				);
				PRODUCT_BUNDLE_IDENTIFIER = codepathTM.flixterTests;
				PRODUCT_NAME = "$(TARGET_NAME)";
				SWIFT_VERSION = 5.0;
				TARGETED_DEVICE_FAMILY = "1,2";
				TEST_HOST = "$(BUILT_PRODUCTS_DIR)/flixter.app/flixter";
			};
			name = Debug;
		};
		62651AD626F47D0500125DF8 /* Release */ = {
			isa = XCBuildConfiguration;
			baseConfigurationReference = 96485C4E0C5D544ACEC1F860 /* Pods-flixterTests.release.xcconfig */;
			buildSettings = {
				ALWAYS_EMBED_SWIFT_STANDARD_LIBRARIES = YES;
				BUNDLE_LOADER = "$(TEST_HOST)";
				CODE_SIGN_STYLE = Automatic;
				INFOPLIST_FILE = flixterTests/Info.plist;
				IPHONEOS_DEPLOYMENT_TARGET = 14.5;
				LD_RUNPATH_SEARCH_PATHS = (
					"$(inherited)",
					"@executable_path/Frameworks",
					"@loader_path/Frameworks",
				);
				PRODUCT_BUNDLE_IDENTIFIER = codepathTM.flixterTests;
				PRODUCT_NAME = "$(TARGET_NAME)";
				SWIFT_VERSION = 5.0;
				TARGETED_DEVICE_FAMILY = "1,2";
				TEST_HOST = "$(BUILT_PRODUCTS_DIR)/flixter.app/flixter";
			};
			name = Release;
		};
		62651AD826F47D0500125DF8 /* Debug */ = {
			isa = XCBuildConfiguration;
			baseConfigurationReference = 85969C91151624F7764C7B35 /* Pods-flixter-flixterUITests.debug.xcconfig */;
			buildSettings = {
				ALWAYS_EMBED_SWIFT_STANDARD_LIBRARIES = YES;
				CODE_SIGN_STYLE = Automatic;
				INFOPLIST_FILE = flixterUITests/Info.plist;
				LD_RUNPATH_SEARCH_PATHS = (
					"$(inherited)",
					"@executable_path/Frameworks",
					"@loader_path/Frameworks",
				);
				PRODUCT_BUNDLE_IDENTIFIER = codepathTM.flixterUITests;
				PRODUCT_NAME = "$(TARGET_NAME)";
				SWIFT_VERSION = 5.0;
				TARGETED_DEVICE_FAMILY = "1,2";
				TEST_TARGET_NAME = flixter;
			};
			name = Debug;
		};
		62651AD926F47D0500125DF8 /* Release */ = {
			isa = XCBuildConfiguration;
			baseConfigurationReference = 222D46D5EE052D99D6C4B133 /* Pods-flixter-flixterUITests.release.xcconfig */;
			buildSettings = {
				ALWAYS_EMBED_SWIFT_STANDARD_LIBRARIES = YES;
				CODE_SIGN_STYLE = Automatic;
				INFOPLIST_FILE = flixterUITests/Info.plist;
				LD_RUNPATH_SEARCH_PATHS = (
					"$(inherited)",
					"@executable_path/Frameworks",
					"@loader_path/Frameworks",
				);
				PRODUCT_BUNDLE_IDENTIFIER = codepathTM.flixterUITests;
				PRODUCT_NAME = "$(TARGET_NAME)";
				SWIFT_VERSION = 5.0;
				TARGETED_DEVICE_FAMILY = "1,2";
				TEST_TARGET_NAME = flixter;
			};
			name = Release;
		};
/* End XCBuildConfiguration section */

/* Begin XCConfigurationList section */
		62651AA226F47D0000125DF8 /* Build configuration list for PBXProject "flixter" */ = {
			isa = XCConfigurationList;
			buildConfigurations = (
				62651ACF26F47D0500125DF8 /* Debug */,
				62651AD026F47D0500125DF8 /* Release */,
			);
			defaultConfigurationIsVisible = 0;
			defaultConfigurationName = Release;
		};
		62651AD126F47D0500125DF8 /* Build configuration list for PBXNativeTarget "flixter" */ = {
			isa = XCConfigurationList;
			buildConfigurations = (
				62651AD226F47D0500125DF8 /* Debug */,
				62651AD326F47D0500125DF8 /* Release */,
			);
			defaultConfigurationIsVisible = 0;
			defaultConfigurationName = Release;
		};
		62651AD426F47D0500125DF8 /* Build configuration list for PBXNativeTarget "flixterTests" */ = {
			isa = XCConfigurationList;
			buildConfigurations = (
				62651AD526F47D0500125DF8 /* Debug */,
				62651AD626F47D0500125DF8 /* Release */,
			);
			defaultConfigurationIsVisible = 0;
			defaultConfigurationName = Release;
		};
		62651AD726F47D0500125DF8 /* Build configuration list for PBXNativeTarget "flixterUITests" */ = {
			isa = XCConfigurationList;
			buildConfigurations = (
				62651AD826F47D0500125DF8 /* Debug */,
				62651AD926F47D0500125DF8 /* Release */,
			);
			defaultConfigurationIsVisible = 0;
			defaultConfigurationName = Release;
		};
/* End XCConfigurationList section */

/* Begin XCRemoteSwiftPackageReference section */
		62651ADE26F48E2100125DF8 /* XCRemoteSwiftPackageReference "AlamofireImage" */ = {
			isa = XCRemoteSwiftPackageReference;
			repositoryURL = "https://github.com/Alamofire/AlamofireImage";
			requirement = {
				kind = upToNextMajorVersion;
				minimumVersion = 4.2.0;
			};
		};
/* End XCRemoteSwiftPackageReference section */

/* Begin XCSwiftPackageProductDependency section */
		62651ADF26F48E2100125DF8 /* AlamofireImage */ = {
			isa = XCSwiftPackageProductDependency;
			package = 62651ADE26F48E2100125DF8 /* XCRemoteSwiftPackageReference "AlamofireImage" */;
			productName = AlamofireImage;
		};
/* End XCSwiftPackageProductDependency section */
	};
	rootObject = 62651A9F26F47D0000125DF8 /* Project object */;
}
